{
    "_readme": [
        "This file locks the dependencies of your project to a known state",
        "Read more about it at https://getcomposer.org/doc/01-basic-usage.md#installing-dependencies",
        "This file is @generated automatically"
    ],
    "content-hash": "4dcc099d2e84bce45d02f87e710ac0fc",
    "packages": [
        {
            "name": "composer/ca-bundle",
            "version": "dev-master",
            "source": {
                "type": "git",
                "url": "https://github.com/composer/ca-bundle.git",
                "reference": "f26a67e397be0e5c00d7c52ec7b5010098e15ce5"
            },
            "dist": {
                "type": "zip",
                "url": "https://api.github.com/repos/composer/ca-bundle/zipball/f26a67e397be0e5c00d7c52ec7b5010098e15ce5",
                "reference": "f26a67e397be0e5c00d7c52ec7b5010098e15ce5",
                "shasum": ""
            },
            "require": {
                "ext-openssl": "*",
                "ext-pcre": "*",
                "php": "^5.3.2 || ^7.0 || ^8.0"
            },
            "require-dev": {
                "phpunit/phpunit": "^4.8.35 || ^5.7 || 6.5 - 8",
                "psr/log": "^1.0",
                "symfony/process": "^2.5 || ^3.0 || ^4.0"
            },
            "type": "library",
            "extra": {
                "branch-alias": {
                    "dev-master": "1.x-dev"
                }
            },
            "autoload": {
                "psr-4": {
                    "Composer\\CaBundle\\": "src"
                }
            },
            "notification-url": "https://packagist.org/downloads/",
            "license": [
                "MIT"
            ],
            "authors": [
                {
                    "name": "Jordi Boggiano",
                    "email": "j.boggiano@seld.be",
                    "homepage": "http://seld.be"
                }
            ],
            "description": "Lets you find a path to the system CA bundle, and includes a fallback to the Mozilla CA bundle.",
            "keywords": [
                "cabundle",
                "cacert",
                "certificate",
                "ssl",
                "tls"
            ],
            "time": "2019-08-02T09:05:43+00:00"
        },
        {
            "name": "guzzlehttp/guzzle",
            "version": "dev-master",
            "source": {
                "type": "git",
                "url": "https://github.com/guzzle/guzzle.git",
                "reference": "de7437d73816cb67ed35d476784d69e010a688b5"
            },
            "dist": {
                "type": "zip",
                "url": "https://api.github.com/repos/guzzle/guzzle/zipball/de7437d73816cb67ed35d476784d69e010a688b5",
                "reference": "de7437d73816cb67ed35d476784d69e010a688b5",
                "shasum": ""
            },
            "require": {
                "ext-json": "*",
                "guzzlehttp/promises": "^1.0",
                "guzzlehttp/psr7": "^1.4",
                "php": ">=5.5"
            },
            "require-dev": {
                "ext-curl": "*",
                "phpunit/phpunit": "^4.8.35 || ^5.7 || ^6.4 || ^7.0",
                "psr/log": "^1.1"
            },
            "suggest": {
                "psr/log": "Required for using the Log middleware"
            },
            "type": "library",
            "extra": {
                "branch-alias": {
                    "dev-master": "6.3-dev"
                }
            },
            "autoload": {
                "psr-4": {
                    "GuzzleHttp\\": "src/"
                },
                "files": [
                    "src/functions_include.php"
                ]
            },
            "notification-url": "https://packagist.org/downloads/",
            "license": [
                "MIT"
            ],
            "authors": [
                {
                    "name": "Michael Dowling",
                    "email": "mtdowling@gmail.com",
                    "homepage": "https://github.com/mtdowling"
                }
            ],
            "description": "Guzzle is a PHP HTTP client library",
            "homepage": "http://guzzlephp.org/",
            "keywords": [
                "client",
                "curl",
                "framework",
                "http",
                "http client",
                "rest",
                "web service"
            ],
            "time": "2019-08-05T16:15:18+00:00"
        },
        {
            "name": "guzzlehttp/promises",
            "version": "dev-master",
            "source": {
                "type": "git",
                "url": "https://github.com/guzzle/promises.git",
                "reference": "17d36ed176c998839582c739ce0753381598edf0"
            },
            "dist": {
                "type": "zip",
                "url": "https://api.github.com/repos/guzzle/promises/zipball/17d36ed176c998839582c739ce0753381598edf0",
                "reference": "17d36ed176c998839582c739ce0753381598edf0",
                "shasum": ""
            },
            "require": {
                "php": ">=5.6"
            },
            "require-dev": {
                "phpunit/phpunit": "^5.7.27 || ^7.5"
            },
            "type": "library",
            "extra": {
                "branch-alias": {
                    "dev-master": "1.4-dev"
                }
            },
            "autoload": {
                "psr-4": {
                    "GuzzleHttp\\Promise\\": "src/"
                },
                "files": [
                    "src/functions_include.php"
                ]
            },
            "notification-url": "https://packagist.org/downloads/",
            "license": [
                "MIT"
            ],
            "authors": [
                {
                    "name": "Michael Dowling",
                    "email": "mtdowling@gmail.com",
                    "homepage": "https://github.com/mtdowling"
                }
            ],
            "description": "Guzzle promises library",
            "keywords": [
                "promise"
            ],
            "time": "2019-07-02T14:54:06+00:00"
        },
        {
            "name": "guzzlehttp/psr7",
            "version": "1.x-dev",
            "source": {
                "type": "git",
                "url": "https://github.com/guzzle/psr7.git",
                "reference": "239400de7a173fe9901b9ac7c06497751f00727a"
            },
            "dist": {
                "type": "zip",
                "url": "https://api.github.com/repos/guzzle/psr7/zipball/239400de7a173fe9901b9ac7c06497751f00727a",
                "reference": "239400de7a173fe9901b9ac7c06497751f00727a",
                "shasum": ""
            },
            "require": {
                "php": ">=5.4.0",
                "psr/http-message": "~1.0",
                "ralouphie/getallheaders": "^2.0.5 || ^3.0.0"
            },
            "provide": {
                "psr/http-message-implementation": "1.0"
            },
            "require-dev": {
                "ext-zlib": "*",
                "phpunit/phpunit": "~4.8.36 || ^5.7.27 || ^6.5.8"
            },
            "suggest": {
                "zendframework/zend-httphandlerrunner": "Emit PSR-7 responses"
            },
            "type": "library",
            "extra": {
                "branch-alias": {
                    "dev-master": "1.6-dev"
                }
            },
            "autoload": {
                "psr-4": {
                    "GuzzleHttp\\Psr7\\": "src/"
                },
                "files": [
                    "src/functions_include.php"
                ]
            },
            "notification-url": "https://packagist.org/downloads/",
            "license": [
                "MIT"
            ],
            "authors": [
                {
                    "name": "Michael Dowling",
                    "email": "mtdowling@gmail.com",
                    "homepage": "https://github.com/mtdowling"
                },
                {
                    "name": "Tobias Schultze",
                    "homepage": "https://github.com/Tobion"
                }
            ],
            "description": "PSR-7 message implementation that also provides common utility methods",
            "keywords": [
                "http",
                "message",
                "psr-7",
                "request",
                "response",
                "stream",
                "uri",
                "url"
            ],
            "time": "2019-07-01T23:21:34+00:00"
        },
        {
            "name": "mollie/mollie-api-php",
            "version": "v2.10.0",
            "source": {
                "type": "git",
                "url": "https://github.com/mollie/mollie-api-php.git",
                "reference": "151bdb85c325f6768452a3d8461930589be85729"
            },
            "dist": {
                "type": "zip",
                "url": "https://api.github.com/repos/mollie/mollie-api-php/zipball/151bdb85c325f6768452a3d8461930589be85729",
                "reference": "151bdb85c325f6768452a3d8461930589be85729",
                "shasum": ""
            },
            "require": {
                "composer/ca-bundle": "^1.1",
                "ext-curl": "*",
                "ext-json": "*",
                "ext-openssl": "*",
                "guzzlehttp/guzzle": "^6.3",
                "php": ">=5.6"
            },
            "require-dev": {
                "eloquent/liberator": "^2.0",
                "phpunit/phpunit": "^5.7 || ^6.5 || ^7.1"
            },
            "suggest": {
                "mollie/oauth2-mollie-php": "Use OAuth to authenticate with the Mollie API. This is needed for some endpoints. Visit https://docs.mollie.com/ for more information."
            },
            "type": "library",
            "autoload": {
                "psr-4": {
                    "Mollie\\Api\\": "src/"
                }
            },
            "notification-url": "https://packagist.org/downloads/",
            "license": [
                "BSD-2-Clause"
            ],
            "authors": [
                {
                    "name": "Mollie B.V.",
                    "email": "info@mollie.com"
                }
            ],
            "description": "Mollie API client library for PHP. Mollie is a European Payment Service provider and offers international payment methods such as Mastercard, VISA, American Express and PayPal, and local payment methods such as iDEAL, Bancontact, SOFORT Banking, SEPA direct debit, Belfius Direct Net, KBC Payment Button and various gift cards such as Podiumcadeaukaart and fashioncheque.",
            "homepage": "https://www.mollie.com/en/developers",
            "keywords": [
                "CBC",
                "Przelewy24",
                "api",
                "bancontact",
                "banktransfer",
                "belfius",
                "belfius direct net",
                "charges",
                "creditcard",
                "direct debit",
                "fashioncheque",
                "gateway",
                "gift cards",
                "ideal",
                "inghomepay",
                "intersolve",
                "kbc",
                "klarna",
                "mistercash",
                "mollie",
                "paylater",
                "payment",
                "payments",
                "paypal",
                "paysafecard",
                "podiumcadeaukaart",
                "recurring",
                "refunds",
                "sepa",
                "service",
                "sliceit",
                "sofort",
                "sofortbanking",
                "subscriptions"
            ],
            "time": "2019-05-20T09:07:29+00:00"
        },
        {
            "name": "psr/http-message",
            "version": "dev-master",
            "source": {
                "type": "git",
                "url": "https://github.com/php-fig/http-message.git",
                "reference": "f6561bf28d520154e4b0ec72be95418abe6d9363"
            },
            "dist": {
                "type": "zip",
                "url": "https://api.github.com/repos/php-fig/http-message/zipball/f6561bf28d520154e4b0ec72be95418abe6d9363",
                "reference": "f6561bf28d520154e4b0ec72be95418abe6d9363",
                "shasum": ""
            },
            "require": {
                "php": ">=5.3.0"
            },
            "type": "library",
            "extra": {
                "branch-alias": {
                    "dev-master": "1.0.x-dev"
                }
            },
            "autoload": {
                "psr-4": {
                    "Psr\\Http\\Message\\": "src/"
                }
            },
            "notification-url": "https://packagist.org/downloads/",
            "license": [
                "MIT"
            ],
            "authors": [
                {
                    "name": "PHP-FIG",
                    "homepage": "http://www.php-fig.org/"
                }
            ],
            "description": "Common interface for HTTP messages",
            "homepage": "https://github.com/php-fig/http-message",
            "keywords": [
                "http",
                "http-message",
                "psr",
                "psr-7",
                "request",
                "response"
            ],
            "time": "2016-08-06T14:39:51+00:00"
        },
        {
            "name": "ralouphie/getallheaders",
            "version": "3.0.3",
            "source": {
                "type": "git",
                "url": "https://github.com/ralouphie/getallheaders.git",
                "reference": "120b605dfeb996808c31b6477290a714d356e822"
            },
            "dist": {
                "type": "zip",
                "url": "https://api.github.com/repos/ralouphie/getallheaders/zipball/120b605dfeb996808c31b6477290a714d356e822",
                "reference": "120b605dfeb996808c31b6477290a714d356e822",
                "shasum": ""
            },
            "require": {
                "php": ">=5.6"
            },
            "require-dev": {
                "php-coveralls/php-coveralls": "^2.1",
                "phpunit/phpunit": "^5 || ^6.5"
            },
            "type": "library",
            "autoload": {
                "files": [
                    "src/getallheaders.php"
                ]
            },
            "notification-url": "https://packagist.org/downloads/",
            "license": [
                "MIT"
            ],
            "authors": [
                {
                    "name": "Ralph Khattar",
                    "email": "ralph.khattar@gmail.com"
                }
            ],
            "description": "A polyfill for getallheaders.",
            "time": "2019-03-08T08:55:37+00:00"
        }
    ],
    "packages-dev": [
        {
            "name": "automattic/jetpack-autoloader",
            "version": "v1.2.0",
            "source": {
                "type": "git",
                "url": "https://github.com/Automattic/jetpack-autoloader.git",
                "reference": "4ad9631e68e9da8b8a764615766287becfb27f81"
            },
            "dist": {
                "type": "zip",
                "url": "https://api.github.com/repos/Automattic/jetpack-autoloader/zipball/4ad9631e68e9da8b8a764615766287becfb27f81",
                "reference": "4ad9631e68e9da8b8a764615766287becfb27f81",
                "shasum": ""
            },
            "require": {
                "composer-plugin-api": "^1.1"
            },
            "require-dev": {
                "phpunit/phpunit": "^5.7 || ^6.5 || ^7.5"
            },
            "type": "composer-plugin",
            "extra": {
                "class": "Automattic\\Jetpack\\Autoloader\\CustomAutoloaderPlugin"
            },
            "autoload": {
                "psr-4": {
                    "Automattic\\Jetpack\\Autoloader\\": "src"
                }
            },
            "notification-url": "https://packagist.org/downloads/",
            "license": [
                "GPL-2.0-or-later"
            ],
            "description": "Creates a custom autoloader for a plugin or theme.",
            "time": "2019-06-24T15:13:23+00:00"
        },
        {
            "name": "composer/installers",
            "version": "v1.6.0",
            "source": {
                "type": "git",
                "url": "https://github.com/composer/installers.git",
                "reference": "cfcca6b1b60bc4974324efb5783c13dca6932b5b"
            },
            "dist": {
                "type": "zip",
                "url": "https://api.github.com/repos/composer/installers/zipball/cfcca6b1b60bc4974324efb5783c13dca6932b5b",
                "reference": "cfcca6b1b60bc4974324efb5783c13dca6932b5b",
                "shasum": ""
            },
            "require": {
                "composer-plugin-api": "^1.0"
            },
            "replace": {
                "roundcube/plugin-installer": "*",
                "shama/baton": "*"
            },
            "require-dev": {
                "composer/composer": "1.0.*@dev",
                "phpunit/phpunit": "^4.8.36"
            },
            "type": "composer-plugin",
            "extra": {
                "class": "Composer\\Installers\\Plugin",
                "branch-alias": {
                    "dev-master": "1.0-dev"
                }
            },
            "autoload": {
                "psr-4": {
                    "Composer\\Installers\\": "src/Composer/Installers"
                }
            },
            "notification-url": "https://packagist.org/downloads/",
            "license": [
                "MIT"
            ],
            "authors": [
                {
                    "name": "Kyle Robinson Young",
                    "email": "kyle@dontkry.com",
                    "homepage": "https://github.com/shama"
                }
            ],
            "description": "A multi-framework Composer library installer",
            "homepage": "https://composer.github.io/installers/",
            "keywords": [
                "Craft",
                "Dolibarr",
                "Eliasis",
                "Hurad",
                "ImageCMS",
                "Kanboard",
                "Lan Management System",
                "MODX Evo",
                "Mautic",
                "Maya",
                "OXID",
                "Plentymarkets",
                "Porto",
                "RadPHP",
                "SMF",
                "Thelia",
                "WolfCMS",
                "agl",
                "aimeos",
                "annotatecms",
                "attogram",
                "bitrix",
                "cakephp",
                "chef",
                "cockpit",
                "codeigniter",
                "concrete5",
                "croogo",
                "dokuwiki",
                "drupal",
                "eZ Platform",
                "elgg",
                "expressionengine",
                "fuelphp",
                "grav",
                "installer",
                "itop",
                "joomla",
                "kohana",
                "laravel",
                "lavalite",
                "lithium",
                "magento",
                "majima",
                "mako",
                "mediawiki",
                "modulework",
                "modx",
                "moodle",
                "osclass",
                "phpbb",
                "piwik",
                "ppi",
                "puppet",
                "pxcms",
                "reindex",
                "roundcube",
                "shopware",
                "silverstripe",
                "sydes",
                "symfony",
                "typo3",
                "wordpress",
                "yawik",
                "zend",
                "zikula"
            ],
            "time": "2018-08-27T06:10:37+00:00"
        },
        {
            "name": "oomphinc/composer-installers-extender",
            "version": "v1.1.2",
            "source": {
                "type": "git",
                "url": "https://github.com/oomphinc/composer-installers-extender.git",
                "reference": "ca1c4b16b0905c81d1e77e608f36a2eff1a56f56"
            },
            "dist": {
                "type": "zip",
                "url": "https://api.github.com/repos/oomphinc/composer-installers-extender/zipball/ca1c4b16b0905c81d1e77e608f36a2eff1a56f56",
                "reference": "ca1c4b16b0905c81d1e77e608f36a2eff1a56f56",
                "shasum": ""
            },
            "require": {
                "composer-plugin-api": "^1.0",
                "composer/installers": "^1.0"
            },
            "type": "composer-plugin",
            "extra": {
                "class": "OomphInc\\ComposerInstallersExtender\\Plugin"
            },
            "autoload": {
                "psr-4": {
                    "OomphInc\\ComposerInstallersExtender\\": "src/"
                }
            },
            "notification-url": "https://packagist.org/downloads/",
            "license": [
                "MIT"
            ],
            "authors": [
                {
                    "name": "Stephen Beemsterboer",
                    "email": "stephen@oomphinc.com",
                    "homepage": "https://github.com/balbuf"
                }
            ],
            "description": "Extend the composer/installers plugin to accept any arbitrary package type.",
            "homepage": "http://www.oomphinc.com/",
            "time": "2017-03-31T16:57:39+00:00"
        },
        {
            "name": "woocommerce/woocommerce",
            "version": "3.7.0-rc.2",
            "source": {
                "type": "git",
                "url": "https://github.com/woocommerce/woocommerce.git",
                "reference": "6cd3cb23134755170c521aefdcc229db097e129a"
            },
            "dist": {
                "type": "zip",
                "url": "https://api.github.com/repos/woocommerce/woocommerce/zipball/6cd3cb23134755170c521aefdcc229db097e129a",
                "reference": "6cd3cb23134755170c521aefdcc229db097e129a",
                "shasum": ""
            },
            "require": {
                "automattic/jetpack-autoloader": "1.2.0",
                "composer/installers": "1.6.0",
                "php": ">=5.6|>=7.0",
                "woocommerce/woocommerce-blocks": "2.3.0-rc.1",
                "woocommerce/woocommerce-rest-api": "1.0.3"
            },
            "require-dev": {
                "myclabs/deep-copy": "1.7.0",
                "phpunit/phpunit": "7.5.14",
                "woocommerce/woocommerce-sniffs": "0.0.6"
            },
            "type": "wordpress-plugin",
            "extra": {
                "installer-paths": {
                    "packages/woocommerce-rest-api": [
                        "woocommerce/woocommerce-rest-api"
                    ],
                    "packages/woocommerce-blocks": [
                        "woocommerce/woocommerce-blocks"
                    ]
                },
                "scripts-description": {
                    "test": "Run unit tests",
                    "phpcs": "Analyze code against the WordPress coding standards with PHP_CodeSniffer",
                    "phpcbf": "Fix coding standards warnings/errors automatically with PHP Code Beautifier"
                }
            },
            "autoload": {
                "exclude-from-classmap": [
                    "includes/legacy",
                    "includes/libraries"
                ],
                "psr-4": {
                    "Automattic\\WooCommerce\\": "src/"
                }
            },
            "notification-url": "https://packagist.org/downloads/",
            "license": [
                "GPL-3.0-or-later"
            ],
            "description": "An eCommerce toolkit that helps you sell anything. Beautifully.",
            "homepage": "https://woocommerce.com/",
            "time": "2019-08-02T13:15:01+00:00"
        },
        {
            "name": "woocommerce/woocommerce-blocks",
            "version": "v2.3.0-rc.1",
            "source": {
                "type": "git",
                "url": "https://github.com/woocommerce/woocommerce-gutenberg-products-block.git",
                "reference": "59d64079b98e5d8f18c1d436cd4f8fbc9471a649"
            },
            "dist": {
                "type": "zip",
                "url": "https://api.github.com/repos/woocommerce/woocommerce-gutenberg-products-block/zipball/59d64079b98e5d8f18c1d436cd4f8fbc9471a649",
                "reference": "59d64079b98e5d8f18c1d436cd4f8fbc9471a649",
                "shasum": ""
            },
            "require": {
                "automattic/jetpack-autoloader": "1.2.0",
                "composer/installers": "1.6.0"
            },
            "require-dev": {
                "phpunit/phpunit": "6.5.14",
                "woocommerce/woocommerce-sniffs": "0.0.6"
            },
            "type": "wordpress-plugin",
            "extra": {
                "scripts-description": {
                    "phpcs": "Analyze code against the WordPress coding standards with PHP_CodeSniffer",
                    "phpcbf": "Fix coding standards warnings/errors automatically with PHP Code Beautifier"
                }
            },
            "autoload": {
                "psr-4": {
                    "Automattic\\WooCommerce\\Blocks\\": "src/"
                }
            },
            "notification-url": "https://packagist.org/downloads/",
            "license": [
                "GPL-3.0-or-later"
            ],
            "description": "WooCommerce blocks for the Gutenberg editor.",
            "homepage": "https://woocommerce.com/",
            "keywords": [
                "blocks",
                "gutenberg",
                "woocommerce"
            ],
            "time": "2019-08-01T14:56:08+00:00"
        },
        {
            "name": "woocommerce/woocommerce-rest-api",
            "version": "1.0.3",
            "source": {
                "type": "git",
                "url": "https://github.com/woocommerce/woocommerce-rest-api.git",
                "reference": "7d9babf1c25890c32df3edb28b8351732640f5ce"
            },
            "dist": {
                "type": "zip",
                "url": "https://api.github.com/repos/woocommerce/woocommerce-rest-api/zipball/7d9babf1c25890c32df3edb28b8351732640f5ce",
                "reference": "7d9babf1c25890c32df3edb28b8351732640f5ce",
                "shasum": ""
            },
            "require": {
                "automattic/jetpack-autoloader": "1.2.0"
            },
            "require-dev": {
                "phpunit/phpunit": "6.5.14",
                "woocommerce/woocommerce-sniffs": "0.0.6"
            },
            "type": "wordpress-plugin",
            "autoload": {
                "classmap": [
                    "src/Controllers/Version1",
                    "src/Controllers/Version2",
                    "src/Controllers/Version3"
                ],
                "psr-4": {
                    "Automattic\\WooCommerce\\RestApi\\": "src"
                }
            },
            "notification-url": "https://packagist.org/downloads/",
            "license": [
                "GPL-3.0-or-later"
            ],
            "description": "The WooCommerce core REST API.",
            "homepage": "https://github.com/woocommerce/woocommerce-rest-api",
            "time": "2019-07-16T14:27:40+00:00"
        }
    ],
    "aliases": [],
    "minimum-stability": "dev",
    "stability-flags": [],
    "prefer-stable": false,
    "prefer-lowest": false,
    "platform": {
        "php": "^5.6.40 | ^7.0"
    },
    "platform-dev": [],
    "platform-overrides": {
        "php": "5.6.40"
    }
}
